// !$*UTF8*$!
{
	archiveVersion = 1;
	classes = {
	};
	objectVersion = 50;
	objects = {

/* Begin PBXBuildFile section */
		18D22DB3322DA6CC16B16EEE /* Pods_HowComeDoal.framework in Frameworks */ = {isa = PBXBuildFile; fileRef = 4D10A579623571850D2F5300 /* Pods_HowComeDoal.framework */; };
		6E1D956521C1FCC2000BD28F /* HCEventListViewController.swift in Sources */ = {isa = PBXBuildFile; fileRef = 6E1D956321C1FCC2000BD28F /* HCEventListViewController.swift */; };
		6E1D956621C1FCC2000BD28F /* HCEventListViewController.xib in Resources */ = {isa = PBXBuildFile; fileRef = 6E1D956421C1FCC2000BD28F /* HCEventListViewController.xib */; };
		6E1D956B21C1FEA5000BD28F /* HCEventListHeaderTableViewCell.swift in Sources */ = {isa = PBXBuildFile; fileRef = 6E1D956921C1FEA5000BD28F /* HCEventListHeaderTableViewCell.swift */; };
		6E1D956C21C1FEA5000BD28F /* HCEventListHeaderTableViewCell.xib in Resources */ = {isa = PBXBuildFile; fileRef = 6E1D956A21C1FEA5000BD28F /* HCEventListHeaderTableViewCell.xib */; };
		6E1D957221C2066B000BD28F /* HCEventListTableViewCell.swift in Sources */ = {isa = PBXBuildFile; fileRef = 6E1D957021C2066B000BD28F /* HCEventListTableViewCell.swift */; };
		6E1D957321C2066B000BD28F /* HCEventListTableViewCell.xib in Resources */ = {isa = PBXBuildFile; fileRef = 6E1D957121C2066B000BD28F /* HCEventListTableViewCell.xib */; };
		6E1D957721C231BA000BD28F /* HCDetailViewController.swift in Sources */ = {isa = PBXBuildFile; fileRef = 6E1D957521C231BA000BD28F /* HCDetailViewController.swift */; };
		6E1D957821C231BA000BD28F /* HCDetailViewController.xib in Resources */ = {isa = PBXBuildFile; fileRef = 6E1D957621C231BA000BD28F /* HCDetailViewController.xib */; };
		6E1D958121C35E85000BD28F /* HCMapViewController.swift in Sources */ = {isa = PBXBuildFile; fileRef = 6E1D957F21C35E85000BD28F /* HCMapViewController.swift */; };
		6E1D958221C35E85000BD28F /* HCMapViewController.xib in Resources */ = {isa = PBXBuildFile; fileRef = 6E1D958021C35E85000BD28F /* HCMapViewController.xib */; };
		6E1D958521C366CB000BD28F /* MapKit.framework in Frameworks */ = {isa = PBXBuildFile; fileRef = 6E1D958421C366CB000BD28F /* MapKit.framework */; };
		6E1D959321C77F96000BD28F /* HCDCuponViewController.swift in Sources */ = {isa = PBXBuildFile; fileRef = 6E1D959121C77F96000BD28F /* HCDCuponViewController.swift */; };
		6E1D959421C77F96000BD28F /* HCDCuponViewController.xib in Resources */ = {isa = PBXBuildFile; fileRef = 6E1D959221C77F96000BD28F /* HCDCuponViewController.xib */; };
		6E1D959921C789AF000BD28F /* HCDWebViewController.swift in Sources */ = {isa = PBXBuildFile; fileRef = 6E1D959721C789AF000BD28F /* HCDWebViewController.swift */; };
		6E1D959A21C789AF000BD28F /* HCDWebViewController.xib in Resources */ = {isa = PBXBuildFile; fileRef = 6E1D959821C789AF000BD28F /* HCDWebViewController.xib */; };
		6E1D959E21C79F8E000BD28F /* HCDBonusListFooterTableViewCell.swift in Sources */ = {isa = PBXBuildFile; fileRef = 6E1D959C21C79F8E000BD28F /* HCDBonusListFooterTableViewCell.swift */; };
		6E1D959F21C79F8E000BD28F /* HCDBonusListFooterTableViewCell.xib in Resources */ = {isa = PBXBuildFile; fileRef = 6E1D959D21C79F8E000BD28F /* HCDBonusListFooterTableViewCell.xib */; };
		6E1D95A521C83434000BD28F /* HCUIColorExtension.swift in Sources */ = {isa = PBXBuildFile; fileRef = 6E1D95A421C83434000BD28F /* HCUIColorExtension.swift */; };
		6E783A8421CB83E300B5272F /* HKBaseViewController.swift in Sources */ = {isa = PBXBuildFile; fileRef = 6E783A8321CB83E300B5272F /* HKBaseViewController.swift */; };
		6E783A8621CB977900B5272F /* HKLoactionManager.swift in Sources */ = {isa = PBXBuildFile; fileRef = 6E783A8521CB977900B5272F /* HKLoactionManager.swift */; };
		6E7BDC9121BF959D0003A907 /* HCBonusListViewController.swift in Sources */ = {isa = PBXBuildFile; fileRef = 6E7BDC8F21BF959D0003A907 /* HCBonusListViewController.swift */; };
		6E7BDC9221BF959D0003A907 /* HCBonusListViewController.xib in Resources */ = {isa = PBXBuildFile; fileRef = 6E7BDC9021BF959D0003A907 /* HCBonusListViewController.xib */; };
		6E7BDC9621BF9A5A0003A907 /* HCBonusListTableViewCell.swift in Sources */ = {isa = PBXBuildFile; fileRef = 6E7BDC9421BF9A5A0003A907 /* HCBonusListTableViewCell.swift */; };
		6E7BDC9721BF9A5A0003A907 /* HCBonusListTableViewCell.xib in Resources */ = {isa = PBXBuildFile; fileRef = 6E7BDC9521BF9A5A0003A907 /* HCBonusListTableViewCell.xib */; };
		6E7BDC9A21BFB0C40003A907 /* HCHttpClient.swift in Sources */ = {isa = PBXBuildFile; fileRef = 6E7BDC9921BFB0C40003A907 /* HCHttpClient.swift */; };
		6E7BDC9D21BFC9CA0003A907 /* HCAPIModel.swift in Sources */ = {isa = PBXBuildFile; fileRef = 6E7BDC9C21BFC9CA0003A907 /* HCAPIModel.swift */; };
		6EBB809521CCE9C30070B7B4 /* HCAdCollectionViewCell.swift in Sources */ = {isa = PBXBuildFile; fileRef = 6EBB809321CCE9C30070B7B4 /* HCAdCollectionViewCell.swift */; };
		6EBB809621CCE9C30070B7B4 /* HCAdCollectionViewCell.xib in Resources */ = {isa = PBXBuildFile; fileRef = 6EBB809421CCE9C30070B7B4 /* HCAdCollectionViewCell.xib */; };
		6EDB81CC21BF72430057BDDF /* AppDelegate.swift in Sources */ = {isa = PBXBuildFile; fileRef = 6EDB81CB21BF72430057BDDF /* AppDelegate.swift */; };
		6EDB81CE21BF72430057BDDF /* ViewController.swift in Sources */ = {isa = PBXBuildFile; fileRef = 6EDB81CD21BF72430057BDDF /* ViewController.swift */; };
		6EDB81D121BF72430057BDDF /* Main.storyboard in Resources */ = {isa = PBXBuildFile; fileRef = 6EDB81CF21BF72430057BDDF /* Main.storyboard */; };
		6EDB81D321BF72490057BDDF /* Assets.xcassets in Resources */ = {isa = PBXBuildFile; fileRef = 6EDB81D221BF72490057BDDF /* Assets.xcassets */; };
		6EDB81D621BF72490057BDDF /* LaunchScreen.storyboard in Resources */ = {isa = PBXBuildFile; fileRef = 6EDB81D421BF72490057BDDF /* LaunchScreen.storyboard */; };
		6EDB81E421BF76780057BDDF /* HCDefine.swift in Sources */ = {isa = PBXBuildFile; fileRef = 6EDB81E321BF76780057BDDF /* HCDefine.swift */; };
		6EDB81E921BF78470057BDDF /* HCMainPageViewController.swift in Sources */ = {isa = PBXBuildFile; fileRef = 6EDB81E721BF78470057BDDF /* HCMainPageViewController.swift */; };
		6EDB81EA21BF78470057BDDF /* HCMainPageViewController.xib in Resources */ = {isa = PBXBuildFile; fileRef = 6EDB81E821BF78470057BDDF /* HCMainPageViewController.xib */; };
/* End PBXBuildFile section */

/* Begin PBXFileReference section */
		43A04119A48A89C31B778A20 /* Pods-HowComeDoal.debug.xcconfig */ = {isa = PBXFileReference; includeInIndex = 1; lastKnownFileType = text.xcconfig; name = "Pods-HowComeDoal.debug.xcconfig"; path = "Pods/Target Support Files/Pods-HowComeDoal/Pods-HowComeDoal.debug.xcconfig"; sourceTree = "<group>"; };
		4D10A579623571850D2F5300 /* Pods_HowComeDoal.framework */ = {isa = PBXFileReference; explicitFileType = wrapper.framework; includeInIndex = 0; path = Pods_HowComeDoal.framework; sourceTree = BUILT_PRODUCTS_DIR; };
		6E1D956321C1FCC2000BD28F /* HCEventListViewController.swift */ = {isa = PBXFileReference; lastKnownFileType = sourcecode.swift; path = HCEventListViewController.swift; sourceTree = "<group>"; };
		6E1D956421C1FCC2000BD28F /* HCEventListViewController.xib */ = {isa = PBXFileReference; lastKnownFileType = file.xib; path = HCEventListViewController.xib; sourceTree = "<group>"; };
		6E1D956921C1FEA5000BD28F /* HCEventListHeaderTableViewCell.swift */ = {isa = PBXFileReference; lastKnownFileType = sourcecode.swift; path = HCEventListHeaderTableViewCell.swift; sourceTree = "<group>"; };
		6E1D956A21C1FEA5000BD28F /* HCEventListHeaderTableViewCell.xib */ = {isa = PBXFileReference; lastKnownFileType = file.xib; path = HCEventListHeaderTableViewCell.xib; sourceTree = "<group>"; };
		6E1D957021C2066B000BD28F /* HCEventListTableViewCell.swift */ = {isa = PBXFileReference; lastKnownFileType = sourcecode.swift; path = HCEventListTableViewCell.swift; sourceTree = "<group>"; };
		6E1D957121C2066B000BD28F /* HCEventListTableViewCell.xib */ = {isa = PBXFileReference; lastKnownFileType = file.xib; path = HCEventListTableViewCell.xib; sourceTree = "<group>"; };
		6E1D957521C231BA000BD28F /* HCDetailViewController.swift */ = {isa = PBXFileReference; lastKnownFileType = sourcecode.swift; path = HCDetailViewController.swift; sourceTree = "<group>"; };
		6E1D957621C231BA000BD28F /* HCDetailViewController.xib */ = {isa = PBXFileReference; lastKnownFileType = file.xib; path = HCDetailViewController.xib; sourceTree = "<group>"; };
		6E1D957F21C35E85000BD28F /* HCMapViewController.swift */ = {isa = PBXFileReference; lastKnownFileType = sourcecode.swift; path = HCMapViewController.swift; sourceTree = "<group>"; };
		6E1D958021C35E85000BD28F /* HCMapViewController.xib */ = {isa = PBXFileReference; lastKnownFileType = file.xib; path = HCMapViewController.xib; sourceTree = "<group>"; };
		6E1D958421C366CB000BD28F /* MapKit.framework */ = {isa = PBXFileReference; lastKnownFileType = wrapper.framework; name = MapKit.framework; path = System/Library/Frameworks/MapKit.framework; sourceTree = SDKROOT; };
		6E1D959121C77F96000BD28F /* HCDCuponViewController.swift */ = {isa = PBXFileReference; lastKnownFileType = sourcecode.swift; path = HCDCuponViewController.swift; sourceTree = "<group>"; };
		6E1D959221C77F96000BD28F /* HCDCuponViewController.xib */ = {isa = PBXFileReference; lastKnownFileType = file.xib; path = HCDCuponViewController.xib; sourceTree = "<group>"; };
		6E1D959721C789AF000BD28F /* HCDWebViewController.swift */ = {isa = PBXFileReference; lastKnownFileType = sourcecode.swift; path = HCDWebViewController.swift; sourceTree = "<group>"; };
		6E1D959821C789AF000BD28F /* HCDWebViewController.xib */ = {isa = PBXFileReference; lastKnownFileType = file.xib; path = HCDWebViewController.xib; sourceTree = "<group>"; };
		6E1D959C21C79F8E000BD28F /* HCDBonusListFooterTableViewCell.swift */ = {isa = PBXFileReference; lastKnownFileType = sourcecode.swift; path = HCDBonusListFooterTableViewCell.swift; sourceTree = "<group>"; };
		6E1D959D21C79F8E000BD28F /* HCDBonusListFooterTableViewCell.xib */ = {isa = PBXFileReference; lastKnownFileType = file.xib; path = HCDBonusListFooterTableViewCell.xib; sourceTree = "<group>"; };
		6E1D95A421C83434000BD28F /* HCUIColorExtension.swift */ = {isa = PBXFileReference; lastKnownFileType = sourcecode.swift; path = HCUIColorExtension.swift; sourceTree = "<group>"; };
		6E783A8321CB83E300B5272F /* HKBaseViewController.swift */ = {isa = PBXFileReference; lastKnownFileType = sourcecode.swift; path = HKBaseViewController.swift; sourceTree = "<group>"; };
		6E783A8521CB977900B5272F /* HKLoactionManager.swift */ = {isa = PBXFileReference; lastKnownFileType = sourcecode.swift; path = HKLoactionManager.swift; sourceTree = "<group>"; };
		6E7BDC8F21BF959D0003A907 /* HCBonusListViewController.swift */ = {isa = PBXFileReference; lastKnownFileType = sourcecode.swift; path = HCBonusListViewController.swift; sourceTree = "<group>"; };
		6E7BDC9021BF959D0003A907 /* HCBonusListViewController.xib */ = {isa = PBXFileReference; lastKnownFileType = file.xib; path = HCBonusListViewController.xib; sourceTree = "<group>"; };
		6E7BDC9421BF9A5A0003A907 /* HCBonusListTableViewCell.swift */ = {isa = PBXFileReference; lastKnownFileType = sourcecode.swift; path = HCBonusListTableViewCell.swift; sourceTree = "<group>"; };
		6E7BDC9521BF9A5A0003A907 /* HCBonusListTableViewCell.xib */ = {isa = PBXFileReference; lastKnownFileType = file.xib; path = HCBonusListTableViewCell.xib; sourceTree = "<group>"; };
		6E7BDC9921BFB0C40003A907 /* HCHttpClient.swift */ = {isa = PBXFileReference; lastKnownFileType = sourcecode.swift; path = HCHttpClient.swift; sourceTree = "<group>"; };
		6E7BDC9C21BFC9CA0003A907 /* HCAPIModel.swift */ = {isa = PBXFileReference; lastKnownFileType = sourcecode.swift; path = HCAPIModel.swift; sourceTree = "<group>"; };
		6EBB809321CCE9C30070B7B4 /* HCAdCollectionViewCell.swift */ = {isa = PBXFileReference; lastKnownFileType = sourcecode.swift; path = HCAdCollectionViewCell.swift; sourceTree = "<group>"; };
		6EBB809421CCE9C30070B7B4 /* HCAdCollectionViewCell.xib */ = {isa = PBXFileReference; lastKnownFileType = file.xib; path = HCAdCollectionViewCell.xib; sourceTree = "<group>"; };
		6EDB81C821BF72430057BDDF /* HowComeDoal.app */ = {isa = PBXFileReference; explicitFileType = wrapper.application; includeInIndex = 0; path = HowComeDoal.app; sourceTree = BUILT_PRODUCTS_DIR; };
		6EDB81CB21BF72430057BDDF /* AppDelegate.swift */ = {isa = PBXFileReference; lastKnownFileType = sourcecode.swift; path = AppDelegate.swift; sourceTree = "<group>"; };
		6EDB81CD21BF72430057BDDF /* ViewController.swift */ = {isa = PBXFileReference; lastKnownFileType = sourcecode.swift; path = ViewController.swift; sourceTree = "<group>"; };
		6EDB81D021BF72430057BDDF /* Base */ = {isa = PBXFileReference; lastKnownFileType = file.storyboard; name = Base; path = Base.lproj/Main.storyboard; sourceTree = "<group>"; };
		6EDB81D221BF72490057BDDF /* Assets.xcassets */ = {isa = PBXFileReference; lastKnownFileType = folder.assetcatalog; path = Assets.xcassets; sourceTree = "<group>"; };
		6EDB81D521BF72490057BDDF /* Base */ = {isa = PBXFileReference; lastKnownFileType = file.storyboard; name = Base; path = Base.lproj/LaunchScreen.storyboard; sourceTree = "<group>"; };
		6EDB81D721BF72490057BDDF /* Info.plist */ = {isa = PBXFileReference; lastKnownFileType = text.plist.xml; path = Info.plist; sourceTree = "<group>"; };
		6EDB81E321BF76780057BDDF /* HCDefine.swift */ = {isa = PBXFileReference; lastKnownFileType = sourcecode.swift; path = HCDefine.swift; sourceTree = "<group>"; };
		6EDB81E721BF78470057BDDF /* HCMainPageViewController.swift */ = {isa = PBXFileReference; lastKnownFileType = sourcecode.swift; path = HCMainPageViewController.swift; sourceTree = "<group>"; };
		6EDB81E821BF78470057BDDF /* HCMainPageViewController.xib */ = {isa = PBXFileReference; lastKnownFileType = file.xib; path = HCMainPageViewController.xib; sourceTree = "<group>"; };
		8AABA71108285C2C68EB70E1 /* Pods-HowComeDoal.release.xcconfig */ = {isa = PBXFileReference; includeInIndex = 1; lastKnownFileType = text.xcconfig; name = "Pods-HowComeDoal.release.xcconfig"; path = "Pods/Target Support Files/Pods-HowComeDoal/Pods-HowComeDoal.release.xcconfig"; sourceTree = "<group>"; };
/* End PBXFileReference section */

/* Begin PBXFrameworksBuildPhase section */
		6EDB81C521BF72430057BDDF /* Frameworks */ = {
			isa = PBXFrameworksBuildPhase;
			buildActionMask = 2147483647;
			files = (
				6E1D958521C366CB000BD28F /* MapKit.framework in Frameworks */,
				18D22DB3322DA6CC16B16EEE /* Pods_HowComeDoal.framework in Frameworks */,
			);
			runOnlyForDeploymentPostprocessing = 0;
		};
/* End PBXFrameworksBuildPhase section */

/* Begin PBXGroup section */
		6E1D956221C1FC6D000BD28F /* EventList */ = {
			isa = PBXGroup;
			children = (
				6E1D956721C1FE4F000BD28F /* Component */,
				6E1D956321C1FCC2000BD28F /* HCEventListViewController.swift */,
				6E1D956421C1FCC2000BD28F /* HCEventListViewController.xib */,
			);
			path = EventList;
			sourceTree = "<group>";
		};
		6E1D956721C1FE4F000BD28F /* Component */ = {
			isa = PBXGroup;
			children = (
				6E1D956D21C2062B000BD28F /* Cell */,
				6E1D956821C1FE5D000BD28F /* Header */,
			);
			path = Component;
			sourceTree = "<group>";
		};
		6E1D956821C1FE5D000BD28F /* Header */ = {
			isa = PBXGroup;
			children = (
				6E1D956921C1FEA5000BD28F /* HCEventListHeaderTableViewCell.swift */,
				6E1D956A21C1FEA5000BD28F /* HCEventListHeaderTableViewCell.xib */,
			);
			path = Header;
			sourceTree = "<group>";
		};
		6E1D956D21C2062B000BD28F /* Cell */ = {
			isa = PBXGroup;
			children = (
				6E1D957021C2066B000BD28F /* HCEventListTableViewCell.swift */,
				6E1D957121C2066B000BD28F /* HCEventListTableViewCell.xib */,
			);
			path = Cell;
			sourceTree = "<group>";
		};
		6E1D957421C22ED4000BD28F /* Detail */ = {
			isa = PBXGroup;
			children = (
				6E1D957521C231BA000BD28F /* HCDetailViewController.swift */,
				6E1D957621C231BA000BD28F /* HCDetailViewController.xib */,
			);
			path = Detail;
			sourceTree = "<group>";
		};
		6E1D957E21C35E67000BD28F /* Map */ = {
			isa = PBXGroup;
			children = (
				6E1D957F21C35E85000BD28F /* HCMapViewController.swift */,
				6E1D958021C35E85000BD28F /* HCMapViewController.xib */,
			);
			path = Map;
			sourceTree = "<group>";
		};
		6E1D958321C366CB000BD28F /* Frameworks */ = {
			isa = PBXGroup;
			children = (
				6E1D958421C366CB000BD28F /* MapKit.framework */,
				4D10A579623571850D2F5300 /* Pods_HowComeDoal.framework */,
			);
			name = Frameworks;
			sourceTree = "<group>";
		};
		6E1D959021C77F78000BD28F /* Cupon */ = {
			isa = PBXGroup;
			children = (
				6E1D959121C77F96000BD28F /* HCDCuponViewController.swift */,
				6E1D959221C77F96000BD28F /* HCDCuponViewController.xib */,
			);
			path = Cupon;
			sourceTree = "<group>";
		};
		6E1D959621C78990000BD28F /* Web */ = {
			isa = PBXGroup;
			children = (
				6E1D959721C789AF000BD28F /* HCDWebViewController.swift */,
				6E1D959821C789AF000BD28F /* HCDWebViewController.xib */,
			);
			path = Web;
			sourceTree = "<group>";
		};
		6E1D959B21C79EAC000BD28F /* Footer */ = {
			isa = PBXGroup;
			children = (
				6E1D959C21C79F8E000BD28F /* HCDBonusListFooterTableViewCell.swift */,
				6E1D959D21C79F8E000BD28F /* HCDBonusListFooterTableViewCell.xib */,
			);
			path = Footer;
			sourceTree = "<group>";
		};
		6E1D95A321C8341E000BD28F /* Extension */ = {
			isa = PBXGroup;
			children = (
				6E1D95A421C83434000BD28F /* HCUIColorExtension.swift */,
			);
			path = Extension;
			sourceTree = "<group>";
		};
		6E783A8221CB838C00B5272F /* Object */ = {
			isa = PBXGroup;
			children = (
				6E7BDC9C21BFC9CA0003A907 /* HCAPIModel.swift */,
				6E7BDC9921BFB0C40003A907 /* HCHttpClient.swift */,
				6E783A8521CB977900B5272F /* HKLoactionManager.swift */,
			);
			path = Object;
			sourceTree = "<group>";
		};
		6E7BDC8E21BF957B0003A907 /* BonusList */ = {
			isa = PBXGroup;
			children = (
				6E7BDC9321BF9A250003A907 /* Component */,
				6E7BDC8F21BF959D0003A907 /* HCBonusListViewController.swift */,
				6E7BDC9021BF959D0003A907 /* HCBonusListViewController.xib */,
			);
			path = BonusList;
			sourceTree = "<group>";
		};
		6E7BDC9321BF9A250003A907 /* Component */ = {
			isa = PBXGroup;
			children = (
				6EBB809221CCE95C0070B7B4 /* AdCell */,
				6E1D959B21C79EAC000BD28F /* Footer */,
				6E7BDC9421BF9A5A0003A907 /* HCBonusListTableViewCell.swift */,
				6E7BDC9521BF9A5A0003A907 /* HCBonusListTableViewCell.xib */,
			);
			path = Component;
			sourceTree = "<group>";
		};
		6E7BDC9B21BFC99F0003A907 /* Component */ = {
			isa = PBXGroup;
			children = (
				6E783A8321CB83E300B5272F /* HKBaseViewController.swift */,
			);
			path = Component;
			sourceTree = "<group>";
		};
		6EBB809221CCE95C0070B7B4 /* AdCell */ = {
			isa = PBXGroup;
			children = (
				6EBB809321CCE9C30070B7B4 /* HCAdCollectionViewCell.swift */,
				6EBB809421CCE9C30070B7B4 /* HCAdCollectionViewCell.xib */,
			);
			path = AdCell;
			sourceTree = "<group>";
		};
		6EDB81BF21BF72430057BDDF = {
			isa = PBXGroup;
			children = (
				6EDB81CA21BF72430057BDDF /* HowComeDoal */,
				6EDB81C921BF72430057BDDF /* Products */,
				6E1D958321C366CB000BD28F /* Frameworks */,
				B7CB195618F0BC8697FC8B90 /* Pods */,
			);
			sourceTree = "<group>";
		};
		6EDB81C921BF72430057BDDF /* Products */ = {
			isa = PBXGroup;
			children = (
				6EDB81C821BF72430057BDDF /* HowComeDoal.app */,
			);
			name = Products;
			sourceTree = "<group>";
		};
		6EDB81CA21BF72430057BDDF /* HowComeDoal */ = {
			isa = PBXGroup;
			children = (
				6E783A8221CB838C00B5272F /* Object */,
				6E1D95A321C8341E000BD28F /* Extension */,
				6E7BDC9B21BFC99F0003A907 /* Component */,
				6EDB81DD21BF73D70057BDDF /* ViewController */,
				6EDB81CB21BF72430057BDDF /* AppDelegate.swift */,
				6EDB81CD21BF72430057BDDF /* ViewController.swift */,
				6EDB81CF21BF72430057BDDF /* Main.storyboard */,
				6EDB81D221BF72490057BDDF /* Assets.xcassets */,
				6EDB81D421BF72490057BDDF /* LaunchScreen.storyboard */,
				6EDB81D721BF72490057BDDF /* Info.plist */,
				6EDB81E321BF76780057BDDF /* HCDefine.swift */,
			);
			path = HowComeDoal;
			sourceTree = "<group>";
		};
		6EDB81DD21BF73D70057BDDF /* ViewController */ = {
			isa = PBXGroup;
			children = (
				6E1D959621C78990000BD28F /* Web */,
				6E1D959021C77F78000BD28F /* Cupon */,
				6E1D957E21C35E67000BD28F /* Map */,
				6E1D957421C22ED4000BD28F /* Detail */,
				6E1D956221C1FC6D000BD28F /* EventList */,
				6E7BDC8E21BF957B0003A907 /* BonusList */,
				6EDB81DE21BF73E20057BDDF /* MainPage */,
			);
			name = ViewController;
			sourceTree = "<group>";
		};
		6EDB81DE21BF73E20057BDDF /* MainPage */ = {
			isa = PBXGroup;
			children = (
				6EDB81E721BF78470057BDDF /* HCMainPageViewController.swift */,
				6EDB81E821BF78470057BDDF /* HCMainPageViewController.xib */,
			);
			path = MainPage;
			sourceTree = "<group>";
		};
		B7CB195618F0BC8697FC8B90 /* Pods */ = {
			isa = PBXGroup;
			children = (
				43A04119A48A89C31B778A20 /* Pods-HowComeDoal.debug.xcconfig */,
				8AABA71108285C2C68EB70E1 /* Pods-HowComeDoal.release.xcconfig */,
			);
			name = Pods;
			sourceTree = "<group>";
		};
/* End PBXGroup section */

/* Begin PBXNativeTarget section */
		6EDB81C721BF72430057BDDF /* HowComeDoal */ = {
			isa = PBXNativeTarget;
			buildConfigurationList = 6EDB81DA21BF72490057BDDF /* Build configuration list for PBXNativeTarget "HowComeDoal" */;
			buildPhases = (
				474681A6A4EC9DE84E546A13 /* [CP] Check Pods Manifest.lock */,
				6EDB81C421BF72430057BDDF /* Sources */,
				6EDB81C521BF72430057BDDF /* Frameworks */,
				6EDB81C621BF72430057BDDF /* Resources */,
				CDC4C7C3EE029A70B37C2FFA /* [CP] Embed Pods Frameworks */,
			);
			buildRules = (
			);
			dependencies = (
			);
			name = HowComeDoal;
			productName = HowComeDoal;
			productReference = 6EDB81C821BF72430057BDDF /* HowComeDoal.app */;
			productType = "com.apple.product-type.application";
		};
/* End PBXNativeTarget section */

/* Begin PBXProject section */
		6EDB81C021BF72430057BDDF /* Project object */ = {
			isa = PBXProject;
			attributes = {
				LastSwiftUpdateCheck = 1010;
				LastUpgradeCheck = 1010;
				ORGANIZATIONNAME = Patato;
				TargetAttributes = {
					6EDB81C721BF72430057BDDF = {
						CreatedOnToolsVersion = 10.1;
						SystemCapabilities = {
							com.apple.Maps.iOS = {
								enabled = 1;
							};
						};
					};
				};
			};
			buildConfigurationList = 6EDB81C321BF72430057BDDF /* Build configuration list for PBXProject "HowComeDoal" */;
			compatibilityVersion = "Xcode 9.3";
			developmentRegion = en;
			hasScannedForEncodings = 0;
			knownRegions = (
				en,
				Base,
			);
			mainGroup = 6EDB81BF21BF72430057BDDF;
			productRefGroup = 6EDB81C921BF72430057BDDF /* Products */;
			projectDirPath = "";
			projectRoot = "";
			targets = (
				6EDB81C721BF72430057BDDF /* HowComeDoal */,
			);
		};
/* End PBXProject section */

/* Begin PBXResourcesBuildPhase section */
		6EDB81C621BF72430057BDDF /* Resources */ = {
			isa = PBXResourcesBuildPhase;
			buildActionMask = 2147483647;
			files = (
				6E1D959F21C79F8E000BD28F /* HCDBonusListFooterTableViewCell.xib in Resources */,
				6EBB809621CCE9C30070B7B4 /* HCAdCollectionViewCell.xib in Resources */,
				6E1D956C21C1FEA5000BD28F /* HCEventListHeaderTableViewCell.xib in Resources */,
				6E7BDC9721BF9A5A0003A907 /* HCBonusListTableViewCell.xib in Resources */,
				6E1D958221C35E85000BD28F /* HCMapViewController.xib in Resources */,
				6EDB81D621BF72490057BDDF /* LaunchScreen.storyboard in Resources */,
				6E1D957321C2066B000BD28F /* HCEventListTableViewCell.xib in Resources */,
				6EDB81EA21BF78470057BDDF /* HCMainPageViewController.xib in Resources */,
				6E7BDC9221BF959D0003A907 /* HCBonusListViewController.xib in Resources */,
				6E1D956621C1FCC2000BD28F /* HCEventListViewController.xib in Resources */,
				6EDB81D321BF72490057BDDF /* Assets.xcassets in Resources */,
				6E1D957821C231BA000BD28F /* HCDetailViewController.xib in Resources */,
				6E1D959421C77F96000BD28F /* HCDCuponViewController.xib in Resources */,
				6EDB81D121BF72430057BDDF /* Main.storyboard in Resources */,
				6E1D959A21C789AF000BD28F /* HCDWebViewController.xib in Resources */,
			);
			runOnlyForDeploymentPostprocessing = 0;
		};
/* End PBXResourcesBuildPhase section */

/* Begin PBXShellScriptBuildPhase section */
		474681A6A4EC9DE84E546A13 /* [CP] Check Pods Manifest.lock */ = {
			isa = PBXShellScriptBuildPhase;
			buildActionMask = 2147483647;
			files = (
			);
			inputPaths = (
				"${PODS_PODFILE_DIR_PATH}/Podfile.lock",
				"${PODS_ROOT}/Manifest.lock",
			);
			name = "[CP] Check Pods Manifest.lock";
			outputPaths = (
				"$(DERIVED_FILE_DIR)/Pods-HowComeDoal-checkManifestLockResult.txt",
			);
			runOnlyForDeploymentPostprocessing = 0;
			shellPath = /bin/sh;
			shellScript = "diff \"${PODS_PODFILE_DIR_PATH}/Podfile.lock\" \"${PODS_ROOT}/Manifest.lock\" > /dev/null\nif [ $? != 0 ] ; then\n    # print error to STDERR\n    echo \"error: The sandbox is not in sync with the Podfile.lock. Run 'pod install' or update your CocoaPods installation.\" >&2\n    exit 1\nfi\n# This output is used by Xcode 'outputs' to avoid re-running this script phase.\necho \"SUCCESS\" > \"${SCRIPT_OUTPUT_FILE_0}\"\n";
			showEnvVarsInLog = 0;
		};
		CDC4C7C3EE029A70B37C2FFA /* [CP] Embed Pods Frameworks */ = {
			isa = PBXShellScriptBuildPhase;
			buildActionMask = 2147483647;
			files = (
			);
			inputPaths = (
				"${SRCROOT}/Pods/Target Support Files/Pods-HowComeDoal/Pods-HowComeDoal-frameworks.sh",
				"${BUILT_PRODUCTS_DIR}/Alamofire/Alamofire.framework",
				"${BUILT_PRODUCTS_DIR}/SwiftyJSON/SwiftyJSON.framework",
			);
			name = "[CP] Embed Pods Frameworks";
			outputPaths = (
				"${TARGET_BUILD_DIR}/${FRAMEWORKS_FOLDER_PATH}/Alamofire.framework",
				"${TARGET_BUILD_DIR}/${FRAMEWORKS_FOLDER_PATH}/SwiftyJSON.framework",
			);
			runOnlyForDeploymentPostprocessing = 0;
			shellPath = /bin/sh;
			shellScript = "\"${SRCROOT}/Pods/Target Support Files/Pods-HowComeDoal/Pods-HowComeDoal-frameworks.sh\"\n";
			showEnvVarsInLog = 0;
		};
/* End PBXShellScriptBuildPhase section */

/* Begin PBXSourcesBuildPhase section */
		6EDB81C421BF72430057BDDF /* Sources */ = {
			isa = PBXSourcesBuildPhase;
			buildActionMask = 2147483647;
			files = (
				6E1D957721C231BA000BD28F /* HCDetailViewController.swift in Sources */,
				6E1D95A521C83434000BD28F /* HCUIColorExtension.swift in Sources */,
				6EBB809521CCE9C30070B7B4 /* HCAdCollectionViewCell.swift in Sources */,
				6EDB81CE21BF72430057BDDF /* ViewController.swift in Sources */,
				6E1D959921C789AF000BD28F /* HCDWebViewController.swift in Sources */,
				6E7BDC9D21BFC9CA0003A907 /* HCAPIModel.swift in Sources */,
				6E783A8621CB977900B5272F /* HKLoactionManager.swift in Sources */,
				6E1D959E21C79F8E000BD28F /* HCDBonusListFooterTableViewCell.swift in Sources */,
				6E7BDC9121BF959D0003A907 /* HCBonusListViewController.swift in Sources */,
				6E1D959321C77F96000BD28F /* HCDCuponViewController.swift in Sources */,
				6E783A8421CB83E300B5272F /* HKBaseViewController.swift in Sources */,
				6EDB81E921BF78470057BDDF /* HCMainPageViewController.swift in Sources */,
				6E1D956521C1FCC2000BD28F /* HCEventListViewController.swift in Sources */,
				6E1D958121C35E85000BD28F /* HCMapViewController.swift in Sources */,
				6E7BDC9A21BFB0C40003A907 /* HCHttpClient.swift in Sources */,
				6EDB81CC21BF72430057BDDF /* AppDelegate.swift in Sources */,
				6E1D957221C2066B000BD28F /* HCEventListTableViewCell.swift in Sources */,
				6E7BDC9621BF9A5A0003A907 /* HCBonusListTableViewCell.swift in Sources */,
				6E1D956B21C1FEA5000BD28F /* HCEventListHeaderTableViewCell.swift in Sources */,
				6EDB81E421BF76780057BDDF /* HCDefine.swift in Sources */,
			);
			runOnlyForDeploymentPostprocessing = 0;
		};
/* End PBXSourcesBuildPhase section */

/* Begin PBXVariantGroup section */
		6EDB81CF21BF72430057BDDF /* Main.storyboard */ = {
			isa = PBXVariantGroup;
			children = (
				6EDB81D021BF72430057BDDF /* Base */,
			);
			name = Main.storyboard;
			sourceTree = "<group>";
		};
		6EDB81D421BF72490057BDDF /* LaunchScreen.storyboard */ = {
			isa = PBXVariantGroup;
			children = (
				6EDB81D521BF72490057BDDF /* Base */,
			);
			name = LaunchScreen.storyboard;
			sourceTree = "<group>";
		};
/* End PBXVariantGroup section */

/* Begin XCBuildConfiguration section */
		6EDB81D821BF72490057BDDF /* Debug */ = {
			isa = XCBuildConfiguration;
			buildSettings = {
				ALWAYS_SEARCH_USER_PATHS = NO;
				CLANG_ANALYZER_NONNULL = YES;
				CLANG_ANALYZER_NUMBER_OBJECT_CONVERSION = YES_AGGRESSIVE;
				CLANG_CXX_LANGUAGE_STANDARD = "gnu++14";
				CLANG_CXX_LIBRARY = "libc++";
				CLANG_ENABLE_MODULES = YES;
				CLANG_ENABLE_OBJC_ARC = YES;
				CLANG_ENABLE_OBJC_WEAK = YES;
				CLANG_WARN_BLOCK_CAPTURE_AUTORELEASING = YES;
				CLANG_WARN_BOOL_CONVERSION = YES;
				CLANG_WARN_COMMA = YES;
				CLANG_WARN_CONSTANT_CONVERSION = YES;
				CLANG_WARN_DEPRECATED_OBJC_IMPLEMENTATIONS = YES;
				CLANG_WARN_DIRECT_OBJC_ISA_USAGE = YES_ERROR;
				CLANG_WARN_DOCUMENTATION_COMMENTS = YES;
				CLANG_WARN_EMPTY_BODY = YES;
				CLANG_WARN_ENUM_CONVERSION = YES;
				CLANG_WARN_INFINITE_RECURSION = YES;
				CLANG_WARN_INT_CONVERSION = YES;
				CLANG_WARN_NON_LITERAL_NULL_CONVERSION = YES;
				CLANG_WARN_OBJC_IMPLICIT_RETAIN_SELF = YES;
				CLANG_WARN_OBJC_LITERAL_CONVERSION = YES;
				CLANG_WARN_OBJC_ROOT_CLASS = YES_ERROR;
				CLANG_WARN_RANGE_LOOP_ANALYSIS = YES;
				CLANG_WARN_STRICT_PROTOTYPES = YES;
				CLANG_WARN_SUSPICIOUS_MOVE = YES;
				CLANG_WARN_UNGUARDED_AVAILABILITY = YES_AGGRESSIVE;
				CLANG_WARN_UNREACHABLE_CODE = YES;
				CLANG_WARN__DUPLICATE_METHOD_MATCH = YES;
				CODE_SIGN_IDENTITY = "iPhone Developer";
				COPY_PHASE_STRIP = NO;
				DEBUG_INFORMATION_FORMAT = dwarf;
				ENABLE_STRICT_OBJC_MSGSEND = YES;
				ENABLE_TESTABILITY = YES;
				GCC_C_LANGUAGE_STANDARD = gnu11;
				GCC_DYNAMIC_NO_PIC = NO;
				GCC_NO_COMMON_BLOCKS = YES;
				GCC_OPTIMIZATION_LEVEL = 0;
				GCC_PREPROCESSOR_DEFINITIONS = (
					"DEBUG=1",
					"$(inherited)",
				);
				GCC_WARN_64_TO_32_BIT_CONVERSION = YES;
				GCC_WARN_ABOUT_RETURN_TYPE = YES_ERROR;
				GCC_WARN_UNDECLARED_SELECTOR = YES;
				GCC_WARN_UNINITIALIZED_AUTOS = YES_AGGRESSIVE;
				GCC_WARN_UNUSED_FUNCTION = YES;
				GCC_WARN_UNUSED_VARIABLE = YES;
				IPHONEOS_DEPLOYMENT_TARGET = 12.1;
				MTL_ENABLE_DEBUG_INFO = INCLUDE_SOURCE;
				MTL_FAST_MATH = YES;
				ONLY_ACTIVE_ARCH = YES;
				SDKROOT = iphoneos;
				SWIFT_ACTIVE_COMPILATION_CONDITIONS = DEBUG;
				SWIFT_OPTIMIZATION_LEVEL = "-Onone";
			};
			name = Debug;
		};
		6EDB81D921BF72490057BDDF /* Release */ = {
			isa = XCBuildConfiguration;
			buildSettings = {
				ALWAYS_SEARCH_USER_PATHS = NO;
				CLANG_ANALYZER_NONNULL = YES;
				CLANG_ANALYZER_NUMBER_OBJECT_CONVERSION = YES_AGGRESSIVE;
				CLANG_CXX_LANGUAGE_STANDARD = "gnu++14";
				CLANG_CXX_LIBRARY = "libc++";
				CLANG_ENABLE_MODULES = YES;
				CLANG_ENABLE_OBJC_ARC = YES;
				CLANG_ENABLE_OBJC_WEAK = YES;
				CLANG_WARN_BLOCK_CAPTURE_AUTORELEASING = YES;
				CLANG_WARN_BOOL_CONVERSION = YES;
				CLANG_WARN_COMMA = YES;
				CLANG_WARN_CONSTANT_CONVERSION = YES;
				CLANG_WARN_DEPRECATED_OBJC_IMPLEMENTATIONS = YES;
				CLANG_WARN_DIRECT_OBJC_ISA_USAGE = YES_ERROR;
				CLANG_WARN_DOCUMENTATION_COMMENTS = YES;
				CLANG_WARN_EMPTY_BODY = YES;
				CLANG_WARN_ENUM_CONVERSION = YES;
				CLANG_WARN_INFINITE_RECURSION = YES;
				CLANG_WARN_INT_CONVERSION = YES;
				CLANG_WARN_NON_LITERAL_NULL_CONVERSION = YES;
				CLANG_WARN_OBJC_IMPLICIT_RETAIN_SELF = YES;
				CLANG_WARN_OBJC_LITERAL_CONVERSION = YES;
				CLANG_WARN_OBJC_ROOT_CLASS = YES_ERROR;
				CLANG_WARN_RANGE_LOOP_ANALYSIS = YES;
				CLANG_WARN_STRICT_PROTOTYPES = YES;
				CLANG_WARN_SUSPICIOUS_MOVE = YES;
				CLANG_WARN_UNGUARDED_AVAILABILITY = YES_AGGRESSIVE;
				CLANG_WARN_UNREACHABLE_CODE = YES;
				CLANG_WARN__DUPLICATE_METHOD_MATCH = YES;
				CODE_SIGN_IDENTITY = "iPhone Developer";
				COPY_PHASE_STRIP = NO;
				DEBUG_INFORMATION_FORMAT = "dwarf-with-dsym";
				ENABLE_NS_ASSERTIONS = NO;
				ENABLE_STRICT_OBJC_MSGSEND = YES;
				GCC_C_LANGUAGE_STANDARD = gnu11;
				GCC_NO_COMMON_BLOCKS = YES;
				GCC_WARN_64_TO_32_BIT_CONVERSION = YES;
				GCC_WARN_ABOUT_RETURN_TYPE = YES_ERROR;
				GCC_WARN_UNDECLARED_SELECTOR = YES;
				GCC_WARN_UNINITIALIZED_AUTOS = YES_AGGRESSIVE;
				GCC_WARN_UNUSED_FUNCTION = YES;
				GCC_WARN_UNUSED_VARIABLE = YES;
				IPHONEOS_DEPLOYMENT_TARGET = 12.1;
				MTL_ENABLE_DEBUG_INFO = NO;
				MTL_FAST_MATH = YES;
				SDKROOT = iphoneos;
				SWIFT_COMPILATION_MODE = wholemodule;
				SWIFT_OPTIMIZATION_LEVEL = "-O";
				VALIDATE_PRODUCT = YES;
			};
			name = Release;
		};
		6EDB81DB21BF72490057BDDF /* Debug */ = {
			isa = XCBuildConfiguration;
			baseConfigurationReference = 43A04119A48A89C31B778A20 /* Pods-HowComeDoal.debug.xcconfig */;
			buildSettings = {
				ASSETCATALOG_COMPILER_APPICON_NAME = AppIcon;
				CODE_SIGN_STYLE = Automatic;
				DEVELOPMENT_TEAM = U7M8ZJE36P;
				INFOPLIST_FILE = HowComeDoal/Info.plist;
				LD_RUNPATH_SEARCH_PATHS = (
					"$(inherited)",
					"@executable_path/Frameworks",
				);
				PRODUCT_BUNDLE_IDENTIFIER = com.PatatoWorkspace.Practice.HowComeDoal.HowComeDoal;
				PRODUCT_NAME = "$(TARGET_NAME)";
				SWIFT_VERSION = 4.2;
				TARGETED_DEVICE_FAMILY = "1,2";
			};
			name = Debug;
		};
		6EDB81DC21BF72490057BDDF /* Release */ = {
			isa = XCBuildConfiguration;
			baseConfigurationReference = 8AABA71108285C2C68EB70E1 /* Pods-HowComeDoal.release.xcconfig */;
			buildSettings = {
				ASSETCATALOG_COMPILER_APPICON_NAME = AppIcon;
				CODE_SIGN_STYLE = Automatic;
				DEVELOPMENT_TEAM = U7M8ZJE36P;
				INFOPLIST_FILE = HowComeDoal/Info.plist;
				LD_RUNPATH_SEARCH_PATHS = (
					"$(inherited)",
					"@executable_path/Frameworks",
				);
				PRODUCT_BUNDLE_IDENTIFIER = com.PatatoWorkspace.Practice.HowComeDoal.HowComeDoal;
				PRODUCT_NAME = "$(TARGET_NAME)";
				SWIFT_VERSION = 4.2;
				TARGETED_DEVICE_FAMILY = "1,2";
			};
			name = Release;
		};
/* End XCBuildConfiguration section */

/* Begin XCConfigurationList section */
		6EDB81C321BF72430057BDDF /* Build configuration list for PBXProject "HowComeDoal" */ = {
			isa = XCConfigurationList;
			buildConfigurations = (
				6EDB81D821BF72490057BDDF /* Debug */,
				6EDB81D921BF72490057BDDF /* Release */,
			);
			defaultConfigurationIsVisible = 0;
			defaultConfigurationName = Release;
		};
		6EDB81DA21BF72490057BDDF /* Build configuration list for PBXNativeTarget "HowComeDoal" */ = {
			isa = XCConfigurationList;
			buildConfigurations = (
				6EDB81DB21BF72490057BDDF /* Debug */,
				6EDB81DC21BF72490057BDDF /* Release */,
			);
			defaultConfigurationIsVisible = 0;
			defaultConfigurationName = Release;
		};
/* End XCConfigurationList section */
	};
	rootObject = 6EDB81C021BF72430057BDDF /* Project object */;
}
